
Microsoft Visual Studio Solution File, Format Version 12.00
# Visual Studio Version 17
VisualStudioVersion = 17.3.32811.315
MinimumVisualStudioVersion = 10.0.40219.1
Project("{FAE04EC0-301F-11D3-BF4B-00C04F79EFBC}") = "HotelListing", "HotelListing\HotelListing.csproj", "{DB4886AC-EBA9-4187-9EDC-D2D2FAB4FFD7}"
EndProject
Global
	GlobalSection(SolutionConfigurationPlatforms) = preSolution
		Debug|Any CPU = Debug|Any CPU
		Release|Any CPU = Release|Any CPU
	EndGlobalSection
	GlobalSection(ProjectConfigurationPlatforms) = postSolution
		{DB4886AC-EBA9-4187-9EDC-D2D2FAB4FFD7}.Debug|Any CPU.ActiveCfg = Debug|Any CPU
		{DB4886AC-EBA9-4187-9EDC-D2D2FAB4FFD7}.Debug|Any CPU.Build.0 = Debug|Any CPU
		{DB4886AC-EBA9-4187-9EDC-D2D2FAB4FFD7}.Release|Any CPU.ActiveCfg = Release|Any CPU
		{DB4886AC-EBA9-4187-9EDC-D2D2FAB4FFD7}.Release|Any CPU.Build.0 = Release|Any CPU
	EndGlobalSection
	GlobalSection(SolutionProperties) = preSolution
		HideSolutionNode = FALSE
	EndGlobalSection
	GlobalSection(ExtensibilityGlobals) = postSolution
		SolutionGuid = {7060CDE5-25C9-4DE2-A02D-2D84E5BFA3F4}
	EndGlobalSection
EndGlobal
